
Microsoft Visual Studio Solution File, Format Version 12.00
# Visual Studio 15
VisualStudioVersion = 15.0.26124.0
MinimumVisualStudioVersion = 15.0.26124.0
Project("{FAE04EC0-301F-11D3-BF4B-00C04F79EFBC}") = "API", "API\API.csproj", "{44223EBD-953A-4606-914A-6520C9FBF991}"
EndProject
Project("{FAE04EC0-301F-11D3-BF4B-00C04F79EFBC}") = "Application", "Application\Application.csproj", "{AF8A5A1E-8655-4CB4-A562-F8F5755905F2}"
EndProject
Project("{FAE04EC0-301F-11D3-BF4B-00C04F79EFBC}") = "Domain", "Domain\Domain.csproj", "{D48EEEF2-44FD-48B4-AB9E-5166AE84D890}"
EndProject
Project("{FAE04EC0-301F-11D3-BF4B-00C04F79EFBC}") = "Persistence", "Persistence\Persistence.csproj", "{22DF99BB-88D3-4BC1-A53F-5C65F56FC402}"
EndProject
Project("{FAE04EC0-301F-11D3-BF4B-00C04F79EFBC}") = "Tests", "Tests\Tests.csproj", "{54CBA762-5C58-45E5-B148-7903C765EA06}"
EndProject
Global
	GlobalSection(SolutionConfigurationPlatforms) = preSolution
		Debug|Any CPU = Debug|Any CPU
		Debug|x64 = Debug|x64
		Debug|x86 = Debug|x86
		Release|Any CPU = Release|Any CPU
		Release|x64 = Release|x64
		Release|x86 = Release|x86
	EndGlobalSection
	GlobalSection(SolutionProperties) = preSolution
		HideSolutionNode = FALSE
	EndGlobalSection
	GlobalSection(ProjectConfigurationPlatforms) = postSolution
		{44223EBD-953A-4606-914A-6520C9FBF991}.Debug|Any CPU.ActiveCfg = Debug|Any CPU
		{44223EBD-953A-4606-914A-6520C9FBF991}.Debug|Any CPU.Build.0 = Debug|Any CPU
		{44223EBD-953A-4606-914A-6520C9FBF991}.Debug|x64.ActiveCfg = Debug|Any CPU
		{44223EBD-953A-4606-914A-6520C9FBF991}.Debug|x64.Build.0 = Debug|Any CPU
		{44223EBD-953A-4606-914A-6520C9FBF991}.Debug|x86.ActiveCfg = Debug|Any CPU
		{44223EBD-953A-4606-914A-6520C9FBF991}.Debug|x86.Build.0 = Debug|Any CPU
		{44223EBD-953A-4606-914A-6520C9FBF991}.Release|Any CPU.ActiveCfg = Release|Any CPU
		{44223EBD-953A-4606-914A-6520C9FBF991}.Release|Any CPU.Build.0 = Release|Any CPU
		{44223EBD-953A-4606-914A-6520C9FBF991}.Release|x64.ActiveCfg = Release|Any CPU
		{44223EBD-953A-4606-914A-6520C9FBF991}.Release|x64.Build.0 = Release|Any CPU
		{44223EBD-953A-4606-914A-6520C9FBF991}.Release|x86.ActiveCfg = Release|Any CPU
		{44223EBD-953A-4606-914A-6520C9FBF991}.Release|x86.Build.0 = Release|Any CPU
		{AF8A5A1E-8655-4CB4-A562-F8F5755905F2}.Debug|Any CPU.ActiveCfg = Debug|Any CPU
		{AF8A5A1E-8655-4CB4-A562-F8F5755905F2}.Debug|Any CPU.Build.0 = Debug|Any CPU
		{AF8A5A1E-8655-4CB4-A562-F8F5755905F2}.Debug|x64.ActiveCfg = Debug|Any CPU
		{AF8A5A1E-8655-4CB4-A562-F8F5755905F2}.Debug|x64.Build.0 = Debug|Any CPU
		{AF8A5A1E-8655-4CB4-A562-F8F5755905F2}.Debug|x86.ActiveCfg = Debug|Any CPU
		{AF8A5A1E-8655-4CB4-A562-F8F5755905F2}.Debug|x86.Build.0 = Debug|Any CPU
		{AF8A5A1E-8655-4CB4-A562-F8F5755905F2}.Release|Any CPU.ActiveCfg = Release|Any CPU
		{AF8A5A1E-8655-4CB4-A562-F8F5755905F2}.Release|Any CPU.Build.0 = Release|Any CPU
		{AF8A5A1E-8655-4CB4-A562-F8F5755905F2}.Release|x64.ActiveCfg = Release|Any CPU
		{AF8A5A1E-8655-4CB4-A562-F8F5755905F2}.Release|x64.Build.0 = Release|Any CPU
		{AF8A5A1E-8655-4CB4-A562-F8F5755905F2}.Release|x86.ActiveCfg = Release|Any CPU
		{AF8A5A1E-8655-4CB4-A562-F8F5755905F2}.Release|x86.Build.0 = Release|Any CPU
		{D48EEEF2-44FD-48B4-AB9E-5166AE84D890}.Debug|Any CPU.ActiveCfg = Debug|Any CPU
		{D48EEEF2-44FD-48B4-AB9E-5166AE84D890}.Debug|Any CPU.Build.0 = Debug|Any CPU
		{D48EEEF2-44FD-48B4-AB9E-5166AE84D890}.Debug|x64.ActiveCfg = Debug|Any CPU
		{D48EEEF2-44FD-48B4-AB9E-5166AE84D890}.Debug|x64.Build.0 = Debug|Any CPU
		{D48EEEF2-44FD-48B4-AB9E-5166AE84D890}.Debug|x86.ActiveCfg = Debug|Any CPU
		{D48EEEF2-44FD-48B4-AB9E-5166AE84D890}.Debug|x86.Build.0 = Debug|Any CPU
		{D48EEEF2-44FD-48B4-AB9E-5166AE84D890}.Release|Any CPU.ActiveCfg = Release|Any CPU
		{D48EEEF2-44FD-48B4-AB9E-5166AE84D890}.Release|Any CPU.Build.0 = Release|Any CPU
		{D48EEEF2-44FD-48B4-AB9E-5166AE84D890}.Release|x64.ActiveCfg = Release|Any CPU
		{D48EEEF2-44FD-48B4-AB9E-5166AE84D890}.Release|x64.Build.0 = Release|Any CPU
		{D48EEEF2-44FD-48B4-AB9E-5166AE84D890}.Release|x86.ActiveCfg = Release|Any CPU
		{D48EEEF2-44FD-48B4-AB9E-5166AE84D890}.Release|x86.Build.0 = Release|Any CPU
		{22DF99BB-88D3-4BC1-A53F-5C65F56FC402}.Debug|Any CPU.ActiveCfg = Debug|Any CPU
		{22DF99BB-88D3-4BC1-A53F-5C65F56FC402}.Debug|Any CPU.Build.0 = Debug|Any CPU
		{22DF99BB-88D3-4BC1-A53F-5C65F56FC402}.Debug|x64.ActiveCfg = Debug|Any CPU
		{22DF99BB-88D3-4BC1-A53F-5C65F56FC402}.Debug|x64.Build.0 = Debug|Any CPU
		{22DF99BB-88D3-4BC1-A53F-5C65F56FC402}.Debug|x86.ActiveCfg = Debug|Any CPU
		{22DF99BB-88D3-4BC1-A53F-5C65F56FC402}.Debug|x86.Build.0 = Debug|Any CPU
		{22DF99BB-88D3-4BC1-A53F-5C65F56FC402}.Release|Any CPU.ActiveCfg = Release|Any CPU
		{22DF99BB-88D3-4BC1-A53F-5C65F56FC402}.Release|Any CPU.Build.0 = Release|Any CPU
		{22DF99BB-88D3-4BC1-A53F-5C65F56FC402}.Release|x64.ActiveCfg = Release|Any CPU
		{22DF99BB-88D3-4BC1-A53F-5C65F56FC402}.Release|x64.Build.0 = Release|Any CPU
		{22DF99BB-88D3-4BC1-A53F-5C65F56FC402}.Release|x86.ActiveCfg = Release|Any CPU
		{22DF99BB-88D3-4BC1-A53F-5C65F56FC402}.Release|x86.Build.0 = Release|Any CPU
		{54CBA762-5C58-45E5-B148-7903C765EA06}.Debug|Any CPU.ActiveCfg = Debug|Any CPU
		{54CBA762-5C58-45E5-B148-7903C765EA06}.Debug|Any CPU.Build.0 = Debug|Any CPU
		{54CBA762-5C58-45E5-B148-7903C765EA06}.Debug|x64.ActiveCfg = Debug|Any CPU
		{54CBA762-5C58-45E5-B148-7903C765EA06}.Debug|x64.Build.0 = Debug|Any CPU
		{54CBA762-5C58-45E5-B148-7903C765EA06}.Debug|x86.ActiveCfg = Debug|Any CPU
		{54CBA762-5C58-45E5-B148-7903C765EA06}.Debug|x86.Build.0 = Debug|Any CPU
		{54CBA762-5C58-45E5-B148-7903C765EA06}.Release|Any CPU.ActiveCfg = Release|Any CPU
		{54CBA762-5C58-45E5-B148-7903C765EA06}.Release|Any CPU.Build.0 = Release|Any CPU
		{54CBA762-5C58-45E5-B148-7903C765EA06}.Release|x64.ActiveCfg = Release|Any CPU
		{54CBA762-5C58-45E5-B148-7903C765EA06}.Release|x64.Build.0 = Release|Any CPU
		{54CBA762-5C58-45E5-B148-7903C765EA06}.Release|x86.ActiveCfg = Release|Any CPU
		{54CBA762-5C58-45E5-B148-7903C765EA06}.Release|x86.Build.0 = Release|Any CPU
	EndGlobalSection
EndGlobal
